
Microsoft Visual Studio Solution File, Format Version 12.00
# Visual Studio 15
Project("{FAE04EC0-301F-11D3-BF4B-00C04F79EFBC}") = "Animation_0806", "Animation_0806.csproj", "{59ECC2CA-20B3-F912-50A8-8FBD4B11FDD5}"
EndProject
Global
	GlobalSection(SolutionConfigurationPlatforms) = preSolution
		Debug|Any CPU = Debug|Any CPU
		Release|Any CPU = Release|Any CPU
	EndGlobalSection
	GlobalSection(ProjectConfigurationPlatforms) = postSolution
		{59ECC2CA-20B3-F912-50A8-8FBD4B11FDD5}.Debug|Any CPU.ActiveCfg = Debug|Any CPU
		{59ECC2CA-20B3-F912-50A8-8FBD4B11FDD5}.Debug|Any CPU.Build.0 = Debug|Any CPU
		{59ECC2CA-20B3-F912-50A8-8FBD4B11FDD5}.Release|Any CPU.ActiveCfg = Release|Any CPU
		{59ECC2CA-20B3-F912-50A8-8FBD4B11FDD5}.Release|Any CPU.Build.0 = Release|Any CPU
	EndGlobalSection
	GlobalSection(SolutionProperties) = preSolution
		HideSolutionNode = FALSE
	EndGlobalSection
EndGlobal
